NeoBundleLock Atom b07c601305d4129b31536b0771984f94c04b7d4b
NeoBundleLock Specky b6415ac2ca85238c224e8bb831bd88b4bfeacf91
NeoBundleLock TagmaTasks b7cc306d7af8d1688024b61278ca9cae32d9e6e1
NeoBundleLock TailMinusF f159ed0cb05094a62e7abd94555607e0ec574d33
NeoBundleLock Vim-Jinja2-Syntax bde7e8abd1fcb928f5bd5e9f57eee69cb0630150
NeoBundleLock YankRing.vim 28854abef8fa4ebd3cb219aefcf22566997d8f65
NeoBundleLock YouCompleteMe 0de1c0c9bb13ce82172b472c676035cd47cf6a6a
NeoBundleLock ack.vim 35f4c78c6c519dcf003531cd312e5b1564d30ef5
NeoBundleLock ag.vim f05f31352689be245611c893b37652110f27a2c5
NeoBundleLock auto-pairs c2f60ca2e57fb65d2230c6fe58e7aba5ab065b2e
NeoBundleLock base16-vim 851a73721737409bef2d076c7547fefa1fa93684
NeoBundleLock chapa.vim 9e3e1ca2e8d50ae0c39e5300f0258e1118e5a6b9
NeoBundleLock cocoa.vim ca6f2544c1f4ef9e5fbd8a040c1ed94fbac67351
NeoBundleLock csapprox 7981dac51d8b6776985aa08cb7b5ee98ea7f2ddd
NeoBundleLock ctrlp.vim bc94048c41acaeaf3e4e9d4a6b3074a9f5cb9775
NeoBundleLock dash.vim c96bf099123165e226e2c976ec50c4ecc8ce11f4
NeoBundleLock dbext.vim 794c9a181078d0f39ac2656d398ed93fcebdb1bc
NeoBundleLock direnv.vim 79659d040843b831cd321c2228f31cfc9070cec1
NeoBundleLock dockerfile.vim 04ad0c49830d2d6fe671a4e4d05445a6ed7faa29
NeoBundleLock emmet-vim 0d63cc76aa171dc8e6d8c6393a1b6eaa5f7b9cc7
NeoBundleLock ensime-vim 72fa897a4a1d678f55c6c169b6c2846718949429
NeoBundleLock ghcmod-vim 815616e8b7d64677d6092e95bc6a3e83d2e035d4
NeoBundleLock gist-vim 2c0bcf5e20c199b0416ae4a76634858e01ec0266
NeoBundleLock gitv 1ae9ba66a4dac0e0f8a704e4688c2df45180a782
NeoBundleLock goyo.vim 630f5d80861beb36ae2dfa0c587ec6b51982cff5
NeoBundleLock greplace.vim 475d5675ff7258b50446a723fd173c9fba2f8e6a
NeoBundleLock gundo.vim 3975ac871565115e3769dc69c06bc88ddc1369af
NeoBundleLock hspec.vim 46660be0cc7d287c4ca9f87aa0b3a5a623b0bcc1
NeoBundleLock jQuery 895d237528151c373d71c99f4812eb45b094e7c8
NeoBundleLock jasmine.vim 4dcb93771d9284fa4f2f0419afd78d88dd614cc7
NeoBundleLock jedi-vim 70360437cd1b391b1d666d2ad72ea2263fa70a40
NeoBundleLock jellybeans.vim c173b85f7a99f3ccc1956040957dc279aa523a8c
NeoBundleLock konira.vim c98d9f057ff031024bea7645980d84966f38a43f
NeoBundleLock lusty 0e73d8de62bcf674dff647790e03c786afc6b260
NeoBundleLock molokai 6255227e44d8d86e073f7aaadfacd62119d55af5
NeoBundleLock neco-ghc 3a413c1c059e0bc47f11d863f52af06cd858791c
NeoBundleLock neobundle.vim 69c65de516c8a02853743053e6602b90a1a82c8e
NeoBundleLock nerdcommenter e91be123f0fb29a7f2d85438d2d6a9c7ec7bd485
NeoBundleLock nerdtree b0bb781fc73ef40365e4c996a16f04368d64fc9d
NeoBundleLock netrw dc3c7feb7ce677878ef70e10ac7c1291e0d50594
NeoBundleLock padawan.vim b2cc1b15d43457f53a4d8f6a939bc157834280fd
NeoBundleLock python-syntax 69760cb3accce488cc072772ca918ac2cbf384ba
NeoBundleLock rust.vim ac0622cddeba4a8b9764ade5147d26d5d3f28164
NeoBundleLock securemodelines bfbecf050446814635f3e0809c4f5b60c04b192a
NeoBundleLock splitjoin.vim b8945ac41d0db6da7e7d60b46404b756a1e4212e
NeoBundleLock syntastic d36bc78070011b4721eee8685cf5d240b8733956
NeoBundleLock tabular 60f25648814f0695eeb6c1040d97adca93c4e0bb
NeoBundleLock tagbar 7b36c46d17d57db34fdb0adac9ba6382d0bb5e66
NeoBundleLock textile.vim 02687a578042214b91aec50ac1845a96eb3d9591
NeoBundleLock tslime.vim e801a32b27d83cb5d91afbf7c3d71bb6220f32bd
NeoBundleLock ultisnips 4c71935cbaf2264c06bf6f9c7384fa2d7cbe83c8
NeoBundleLock vcscommand c0d27010dd0c96884cfd34c3af621ae009109c69
NeoBundleLock vim-abolish d64ce06650cf9b098b5a01c0db53864965d9310b
NeoBundleLock vim-airline 14d14cf951c08fc88ca6c3e6f28fe47b99421e23
NeoBundleLock vim-ansible-yaml c6aca1c1938b75b102d9a6fcb9ca98de5a584b9d
NeoBundleLock vim-blackboard c216b4355d4ece0b0868d621c60dd221e7751b0f
NeoBundleLock vim-bundler 86d8bad156bb7fe5c124c420b969c87838fbd85e
NeoBundleLock vim-characterize b5418133a22b9a441def845e950ec76c7c7cd2e5
NeoBundleLock vim-coffee-script 18c68524ab8a043a566bbe227ea8f81ab922d092
NeoBundleLock vim-colors-solarized 528a59f26d12278698bb946f8fb82a63711eec21
NeoBundleLock vim-ctrlp-cmdpalette f1a2a55d766007b2127fa5218c3c769126b6afcf
NeoBundleLock vim-cucumber 8f4826012771e6ce7871923bed1bbb68834c8dfc
NeoBundleLock vim-dispatch 69fea418692f76058d5cd95f0a17ed6b0f5bbb77
NeoBundleLock vim-eco a0ae61822453d4a48adf840309a4ece9c1753318
NeoBundleLock vim-elixir 9ca94d7152868f5b78f55664057451b8f07c62af
NeoBundleLock vim-endwise bba43b831ae0485cf9b86d16340a6a314b927391
NeoBundleLock vim-erlang-tags ad6abc5ff6bbdfae190048afbca0c75b96a7d60b
NeoBundleLock vim-fugitive 1ecd12d523ffe031b5840316eeae1f24dd8920e4
NeoBundleLock vim-ginkgo a101d5c4a0e5ef9f0bff29ed968ff981db4530be
NeoBundleLock vim-git 36126609572d95e93cc8b06f73670fbbf3a3736a
NeoBundleLock vim-go dfb0ee1ec2aa7860ec28a8c60e5b6e2d875557bd
NeoBundleLock vim-haml ce0cfeddbd2825d07a4361ab1871d6970361a1c9
NeoBundleLock vim-ipython 42499f094b805b90b683afa5009cee99abd0bb75
NeoBundleLock vim-javascript f8122fd1caca68b2592553e43dad45b3dc445a06
NeoBundleLock vim-lawrencium a0e0155e2089b124770db2c98d3f0aae975a557c
NeoBundleLock vim-localvimrc 6d071c82f01bde1aa996d746461ff8dfbf04c31d
NeoBundleLock vim-markdown b02182ebbd9c18f3a4e1761c67cf0be10d9062ec
NeoBundleLock vim-markdown-preview 6b20f2fb14a3e35a4289209011f58ff3d8e2335a
NeoBundleLock vim-misc 3e6b8fb6f03f13434543ce1f5d24f6a5d3f34f0b
NeoBundleLock vim-projectionist 372d529d22ac6d2952472438157ee03b7a3fd8ae
NeoBundleLock vim-puppet 78267708f4fb033c06ede73f1f73dd857f67a579
NeoBundleLock vim-pyenv 2f224768071e9ecd086017be709c9e49d4257390
NeoBundleLock vim-racer 3b18de7ed5617d9820a7c8e80a522dbc7a952835
NeoBundleLock vim-ragtag 12e379989e3258af0934e10173386235c7d69944
NeoBundleLock vim-rails e13ee81882c2e4c1bba022914a04e3f7cd6fc5d6
NeoBundleLock vim-rake 6b763058436964f1e20243200060ae78c0bd7a1d
NeoBundleLock vim-repeat 2a3c5f8e3c26a57b8eb4cfc4be79615a1c508ef6
NeoBundleLock vim-ruby 2597860f4ee117d6d762d6caa98e73e89e41769b
NeoBundleLock vim-ruby-refactoring 6447a4debc3263a0fa99feeab5548edf27ecf045
NeoBundleLock vim-rvm 5ce90e35a22d0f103fec46c2dbb5d4c3d6f81fb6
NeoBundleLock vim-sbt bb9723cd6ee9e944c000dc89461a34fefe862f6a
NeoBundleLock vim-scala 3f85f50181259fc89f992d0c58bba3ca9a7c6899
NeoBundleLock vim-scriptease 2cec496b1d94804c1892fd9455cd50aeabe4005a
NeoBundleLock vim-session 9e9a6088f0554f6940c19889d0b2a8f39d13f2bb
NeoBundleLock vim-signature 598a9275668d772ca18cc052246b96edcbe61de0
NeoBundleLock vim-signify c61dded98ac4a1158ee1167f17df4edf5c237138
NeoBundleLock vim-snippets 4496631cf19dde58f3fc95b573637464ac1b7698
NeoBundleLock vim-surround f85cb4e788356f664d033e8519abdd8e1bc26762
NeoBundleLock vim-textobj-comment 58ae4571b76a5bf74850698f23d235eef991dd4b
NeoBundleLock vim-textobj-indent deb76867c302f933c8f21753806cbf2d8461b548
NeoBundleLock vim-textobj-rubyblock 97e41086a8ca040e40955a6a968c0b50ae953222
NeoBundleLock vim-textobj-user a3054162c09bcf732624f43ddacbd85dad09713b
NeoBundleLock vim-toml bb70afc2d7cd8120b6dd74db6da4249ab5105363
NeoBundleLock vim-turbux 168be848e33d022899d36217d0a242ed489f9ab9
NeoBundleLock vim-unimpaired 3548479cc154154cbdbb6737ca08a47937cc7113
NeoBundleLock vim-vividchalk fd696065c7b27e8fca91907ba51151a887c36803
NeoBundleLock vim2hs f2afd55704bfe0a2d66e6b270d247e9b8a7b1664
NeoBundleLock vimerl 536f7e265449b2609d217da4193f2e4060e6b728
NeoBundleLock vimproc.vim aa075b9b56839e1adb08421d2e9837f90e59acad
NeoBundleLock vimwiki 3a394986048ecf6f75ca149b4dde78b591ecd011
NeoBundleLock webapi-vim a043444a5b7cbcc865e4cee61c118de09ea2cbdc
NeoBundleLock word_complete.vim 5ad82dec67ac61fe111c88878a5978f5e84345c9
