NeoBundleLock Atom b07c601305d4129b31536b0771984f94c04b7d4b
NeoBundleLock LustyJuggler 8aea87dab15bb13b418ac89fe8fdfbc768d727fb
NeoBundleLock Specky b6415ac2ca85238c224e8bb831bd88b4bfeacf91
NeoBundleLock TagmaTasks b7cc306d7af8d1688024b61278ca9cae32d9e6e1
NeoBundleLock TailMinusF f159ed0cb05094a62e7abd94555607e0ec574d33
NeoBundleLock Vim-Jinja2-Syntax bde7e8abd1fcb928f5bd5e9f57eee69cb0630150
NeoBundleLock YankRing.vim 0c74d5bc166cbb3a3009499e94f3e7a0dfed1fc0
NeoBundleLock YouCompleteMe 4436d515d38e9e6d0859d5e96218beaaf36c884b
NeoBundleLock ack.vim 0292109f1f87497c7cf9b0994db47c8e95bd252c
NeoBundleLock auto-pairs c2f60ca2e57fb65d2230c6fe58e7aba5ab065b2e
NeoBundleLock base16-vim 0a956b556c4af44edfeacf5d7e23bc119ffbec7d
NeoBundleLock chapa.vim 71eb0378c99ea51e903ea6d0f11005423ea49e28
NeoBundleLock cocoa.vim ca6f2544c1f4ef9e5fbd8a040c1ed94fbac67351
NeoBundleLock csapprox 7981dac51d8b6776985aa08cb7b5ee98ea7f2ddd
NeoBundleLock ctrlp.vim b5d3fe66a58a13d2ff8b6391f4387608496a030f
NeoBundleLock dash.vim 9f14d09f621714d2af987be077fb547cfa9512a3
NeoBundleLock dbext.vim 794c9a181078d0f39ac2656d398ed93fcebdb1bc
NeoBundleLock dockerfile.vim 04ad0c49830d2d6fe671a4e4d05445a6ed7faa29
NeoBundleLock emmet-vim 0d63cc76aa171dc8e6d8c6393a1b6eaa5f7b9cc7
NeoBundleLock ghcmod-vim d5c6c7f3c85608b5b76dc3e7e001f60b86c32cb9
NeoBundleLock gist-vim 2c0bcf5e20c199b0416ae4a76634858e01ec0266
NeoBundleLock gitv 21e474a54b0a01e0c2fb263ec559ebf8a6e2fcba
NeoBundleLock greplace.vim e7fb26ec95ecf97bfe4b99683b95cb37c654460a
NeoBundleLock gundo.vim 3975ac871565115e3769dc69c06bc88ddc1369af
NeoBundleLock hspec.vim 46660be0cc7d287c4ca9f87aa0b3a5a623b0bcc1
NeoBundleLock jQuery 895d237528151c373d71c99f4812eb45b094e7c8
NeoBundleLock jasmine.vim 4dcb93771d9284fa4f2f0419afd78d88dd614cc7
NeoBundleLock jellybeans.vim c173b85f7a99f3ccc1956040957dc279aa523a8c
NeoBundleLock konira.vim c98d9f057ff031024bea7645980d84966f38a43f
NeoBundleLock molokai 6255227e44d8d86e073f7aaadfacd62119d55af5
NeoBundleLock neco-ghc 43d8ef49cdc45f601276c90dccee9aa62b8ea3c1
NeoBundleLock neobundle.vim c00b40688f335a2e116726c2f8e727fad6f03e4f
NeoBundleLock nerdcommenter 69a575e70a6fa01f0496067c6686db2c82a47b11
NeoBundleLock nerdtree b0bb781fc73ef40365e4c996a16f04368d64fc9d
NeoBundleLock netrw dc3c7feb7ce677878ef70e10ac7c1291e0d50594
NeoBundleLock pydoc.vim 50cb14cf62a649819fb371826c1fc244803879a8
NeoBundleLock python-syntax 453269d0f86ce3c2e401b1bc8f7dfc5e1b8a5b7d
NeoBundleLock rope-omni 4b0e796dc33f7d7b875c9268c5efffe2209f290c
NeoBundleLock rope-vim 0fec20472a913f8b71ed1ebce2abb4126e2d1909
NeoBundleLock rust.vim 52334abc5664d11b43faee7dadd2e24012b0b284
NeoBundleLock splitjoin.vim b8945ac41d0db6da7e7d60b46404b756a1e4212e
NeoBundleLock syntastic 6b76c26cbaa2565387b62c7a7af9a56402dcf297
NeoBundleLock tabular 60f25648814f0695eeb6c1040d97adca93c4e0bb
NeoBundleLock tagbar f9c5f24576e82aae5ab8a5480f1ae48615354e40
NeoBundleLock textile.vim 02687a578042214b91aec50ac1845a96eb3d9591
NeoBundleLock tslime.vim e801a32b27d83cb5d91afbf7c3d71bb6220f32bd
NeoBundleLock ultisnips d693259abb2e28f70abf760d395fcf526d5272ee
NeoBundleLock vcscommand bffbab0357b89fed164dbe114649c9d82993ee1a
NeoBundleLock vim-abolish d64ce06650cf9b098b5a01c0db53864965d9310b
NeoBundleLock vim-airline 5a2daf6dfbd6e0df21612a20f95b4285ae8a2603
NeoBundleLock vim-ansible-yaml c6aca1c1938b75b102d9a6fcb9ca98de5a584b9d
NeoBundleLock vim-blackboard c216b4355d4ece0b0868d621c60dd221e7751b0f
NeoBundleLock vim-bundler 86d8bad156bb7fe5c124c420b969c87838fbd85e
NeoBundleLock vim-characterize b5418133a22b9a441def845e950ec76c7c7cd2e5
NeoBundleLock vim-coffee-script 18c68524ab8a043a566bbe227ea8f81ab922d092
NeoBundleLock vim-colors-solarized 528a59f26d12278698bb946f8fb82a63711eec21
NeoBundleLock vim-cucumber 8f4826012771e6ce7871923bed1bbb68834c8dfc
NeoBundleLock vim-dispatch c4390c5724f9d262aeba62ab69c5bc5246626c6f
NeoBundleLock vim-eco a0ae61822453d4a48adf840309a4ece9c1753318
NeoBundleLock vim-elixir 9ca94d7152868f5b78f55664057451b8f07c62af
NeoBundleLock vim-endwise 96eb11755bb2d1a5583d44e9bcd10481bca45693
NeoBundleLock vim-fugitive d6f17608ddbae06ed5867f58e322a16806fa7248
NeoBundleLock vim-git 41c1d979faeb7addfacfed22639f51e915c7fa7f
NeoBundleLock vim-go 27a8b46fb98657bd3de79d610b1eb61709ee04df
NeoBundleLock vim-haml ce0cfeddbd2825d07a4361ab1871d6970361a1c9
NeoBundleLock vim-ipython 0af81dfe062cb8c6de62b64dba12872269024573
NeoBundleLock vim-javascript f8122fd1caca68b2592553e43dad45b3dc445a06
NeoBundleLock vim-lawrencium a0e0155e2089b124770db2c98d3f0aae975a557c
NeoBundleLock vim-localvimrc 6d071c82f01bde1aa996d746461ff8dfbf04c31d
NeoBundleLock vim-markdown b02182ebbd9c18f3a4e1761c67cf0be10d9062ec
NeoBundleLock vim-markdown-preview 6b20f2fb14a3e35a4289209011f58ff3d8e2335a
NeoBundleLock vim-misc 8551f2b9dec7fd17dd5c3476d7869957185d692d
NeoBundleLock vim-pep8 e8e8cf1a9ddaa00561d4586e52a04a19eda2f25e
NeoBundleLock vim-projectionist ef252eb227928df6f63590f21584a46c08792021
NeoBundleLock vim-puppet 78267708f4fb033c06ede73f1f73dd857f67a579
NeoBundleLock vim-ragtag 12e379989e3258af0934e10173386235c7d69944
NeoBundleLock vim-rails e13ee81882c2e4c1bba022914a04e3f7cd6fc5d6
NeoBundleLock vim-rake 6b763058436964f1e20243200060ae78c0bd7a1d
NeoBundleLock vim-repeat 2a3c5f8e3c26a57b8eb4cfc4be79615a1c508ef6
NeoBundleLock vim-ruby 2597860f4ee117d6d762d6caa98e73e89e41769b
NeoBundleLock vim-ruby-refactoring 6447a4debc3263a0fa99feeab5548edf27ecf045
NeoBundleLock vim-rvm 5ce90e35a22d0f103fec46c2dbb5d4c3d6f81fb6
NeoBundleLock vim-sbt 8c6ad8584f3d7996b927488b9aba3df60f892796
NeoBundleLock vim-scala 763b68975147ffcb3c99071e4b2559ddea564d53
NeoBundleLock vim-session 9607a6b5ea0f5584ee59180acd60eaa1cbcafde5
NeoBundleLock vim-signature 598a9275668d772ca18cc052246b96edcbe61de0
NeoBundleLock vim-signify c61dded98ac4a1158ee1167f17df4edf5c237138
NeoBundleLock vim-snippets 588cf86e5bd69638544128d27fda4e0e039a8084
NeoBundleLock vim-surround f85cb4e788356f664d033e8519abdd8e1bc26762
NeoBundleLock vim-textobj-indent deb76867c302f933c8f21753806cbf2d8461b548
NeoBundleLock vim-textobj-rubyblock 97e41086a8ca040e40955a6a968c0b50ae953222
NeoBundleLock vim-textobj-user 03afa6cd7bd8d27d078bfc3cc29eb891d2c2dc98
NeoBundleLock vim-turbux 168be848e33d022899d36217d0a242ed489f9ab9
NeoBundleLock vim-unimpaired 3548479cc154154cbdbb6737ca08a47937cc7113
NeoBundleLock vim-virtualenv e18a8c11f7107d51979bda2f7a3f6da61ec83b20
NeoBundleLock vim-vividchalk fd696065c7b27e8fca91907ba51151a887c36803
NeoBundleLock vim2hs f2afd55704bfe0a2d66e6b270d247e9b8a7b1664
NeoBundleLock vimerl 536f7e265449b2609d217da4193f2e4060e6b728
NeoBundleLock vimproc.vim 04b45cd80f48f66daed04a1a48a7ea4e7d316086
NeoBundleLock vimwiki 2c03d82a0e4662adf1e347487d73a9bf4bf6fdac
NeoBundleLock webapi-vim a043444a5b7cbcc865e4cee61c118de09ea2cbdc
NeoBundleLock word_complete.vim 5ad82dec67ac61fe111c88878a5978f5e84345c9
