NeoBundleLock vim-session 9607a6b5ea0f5584ee59180acd60eaa1cbcafde5
NeoBundleLock vim-blackboard c216b4355d4ece0b0868d621c60dd221e7751b0f
NeoBundleLock vim-ansible-yaml c6aca1c1938b75b102d9a6fcb9ca98de5a584b9d
NeoBundleLock nerdcommenter 69a575e70a6fa01f0496067c6686db2c82a47b11
NeoBundleLock csapprox 7981dac51d8b6776985aa08cb7b5ee98ea7f2ddd
NeoBundleLock dockerfile.vim 04ad0c49830d2d6fe671a4e4d05445a6ed7faa29
NeoBundleLock vim-signature 598a9275668d772ca18cc052246b96edcbe61de0
NeoBundleLock vim-javascript f8122fd1caca68b2592553e43dad45b3dc445a06
NeoBundleLock auto-pairs c2f60ca2e57fb65d2230c6fe58e7aba5ab065b2e
NeoBundleLock vim-sbt 8c6ad8584f3d7996b927488b9aba3df60f892796
NeoBundleLock vim-rvm 5ce90e35a22d0f103fec46c2dbb5d4c3d6f81fb6
NeoBundleLock vim-surround f85cb4e788356f664d033e8519abdd8e1bc26762
NeoBundleLock vim-dispatch 946e5b7f8f0d076ed3c8dda1c9675219d134b49f
NeoBundleLock vim-abolish d64ce06650cf9b098b5a01c0db53864965d9310b
NeoBundleLock TagmaTasks b7cc306d7af8d1688024b61278ca9cae32d9e6e1
NeoBundleLock vim-elixir 9ca94d7152868f5b78f55664057451b8f07c62af
NeoBundleLock dash.vim 9f14d09f621714d2af987be077fb547cfa9512a3
NeoBundleLock vim-haml ce0cfeddbd2825d07a4361ab1871d6970361a1c9
NeoBundleLock vim-bundler 86d8bad156bb7fe5c124c420b969c87838fbd85e
NeoBundleLock vim-lawrencium a0e0155e2089b124770db2c98d3f0aae975a557c
NeoBundleLock TailMinusF f159ed0cb05094a62e7abd94555607e0ec574d33
NeoBundleLock python-syntax 453269d0f86ce3c2e401b1bc8f7dfc5e1b8a5b7d
NeoBundleLock gundo.vim 3975ac871565115e3769dc69c06bc88ddc1369af
NeoBundleLock pydoc.vim 50cb14cf62a649819fb371826c1fc244803879a8
NeoBundleLock vim-ragtag 12e379989e3258af0934e10173386235c7d69944
NeoBundleLock netrw dc3c7feb7ce677878ef70e10ac7c1291e0d50594
NeoBundleLock dbext.vim 794c9a181078d0f39ac2656d398ed93fcebdb1bc
NeoBundleLock tabular 60f25648814f0695eeb6c1040d97adca93c4e0bb
NeoBundleLock molokai 6255227e44d8d86e073f7aaadfacd62119d55af5
NeoBundleLock jellybeans.vim c173b85f7a99f3ccc1956040957dc279aa523a8c
NeoBundleLock vim-textobj-rubyblock 97e41086a8ca040e40955a6a968c0b50ae953222
NeoBundleLock vim-misc 8551f2b9dec7fd17dd5c3476d7869957185d692d
NeoBundleLock vim-fugitive d6f17608ddbae06ed5867f58e322a16806fa7248
NeoBundleLock ultisnips 6dd476750bbb936f12f70bcbb3d4fec89b5fce20
NeoBundleLock rust.vim 52334abc5664d11b43faee7dadd2e24012b0b284
NeoBundleLock vimerl 244661f38baf9d360e3892d76c96ce187f5351f6
NeoBundleLock nerdtree b0bb781fc73ef40365e4c996a16f04368d64fc9d
NeoBundleLock gitv 21e474a54b0a01e0c2fb263ec559ebf8a6e2fcba
NeoBundleLock a.vim 2cbe946206ec622d9d8cf2c99317f204c4d41885
NeoBundleLock vim-cucumber 8f4826012771e6ce7871923bed1bbb68834c8dfc
NeoBundleLock Atom b07c601305d4129b31536b0771984f94c04b7d4b
NeoBundleLock YankRing.vim 0c74d5bc166cbb3a3009499e94f3e7a0dfed1fc0
NeoBundleLock vim-rails 2efe92f7a795a5ed4c99f4e9b589f9a25c72089a
NeoBundleLock vim-pep8 e8e8cf1a9ddaa00561d4586e52a04a19eda2f25e
NeoBundleLock vim-textobj-user 03afa6cd7bd8d27d078bfc3cc29eb891d2c2dc98
NeoBundleLock vim-signify c61dded98ac4a1158ee1167f17df4edf5c237138
NeoBundleLock vim-puppet 78267708f4fb033c06ede73f1f73dd857f67a579
NeoBundleLock vim-ipython 0af81dfe062cb8c6de62b64dba12872269024573
NeoBundleLock vim-turbux 94a4a4443803ebe17acf6dbf5140b3b1f5c222ff
NeoBundleLock vimwiki 2c03d82a0e4662adf1e347487d73a9bf4bf6fdac
NeoBundleLock vim-ruby-refactoring 6447a4debc3263a0fa99feeab5548edf27ecf045
NeoBundleLock word_complete.vim 5ad82dec67ac61fe111c88878a5978f5e84345c9
NeoBundleLock gist-vim 2c0bcf5e20c199b0416ae4a76634858e01ec0266
NeoBundleLock vim-airline 5a2daf6dfbd6e0df21612a20f95b4285ae8a2603
NeoBundleLock vim-unimpaired 3548479cc154154cbdbb6737ca08a47937cc7113
NeoBundleLock chapa.vim 30f0a5b56dbde7c39ff39c80e72e3b6dca23cabc
NeoBundleLock vim-eco a0ae61822453d4a48adf840309a4ece9c1753318
NeoBundleLock vim-localvimrc 6d071c82f01bde1aa996d746461ff8dfbf04c31d
NeoBundleLock ack.vim 0292109f1f87497c7cf9b0994db47c8e95bd252c
NeoBundleLock vim-markdown-preview 6b20f2fb14a3e35a4289209011f58ff3d8e2335a
NeoBundleLock vim-endwise 96eb11755bb2d1a5583d44e9bcd10481bca45693
NeoBundleLock cocoa.vim ca6f2544c1f4ef9e5fbd8a040c1ed94fbac67351
NeoBundleLock vim-git 41c1d979faeb7addfacfed22639f51e915c7fa7f
NeoBundleLock vim-repeat 2a3c5f8e3c26a57b8eb4cfc4be79615a1c508ef6
NeoBundleLock vim-go 27a8b46fb98657bd3de79d610b1eb61709ee04df
NeoBundleLock LustyJuggler 8aea87dab15bb13b418ac89fe8fdfbc768d727fb
NeoBundleLock konira.vim c98d9f057ff031024bea7645980d84966f38a43f
NeoBundleLock rope-vim 0fec20472a913f8b71ed1ebce2abb4126e2d1909
NeoBundleLock neobundle.vim f566da7e840832159d45460146fcf63eb47dbaaf
NeoBundleLock vcscommand bffbab0357b89fed164dbe114649c9d82993ee1a
NeoBundleLock YouCompleteMe 4674bebe2594691bdf61d05e99a3af60029112da
NeoBundleLock jasmine.vim 4dcb93771d9284fa4f2f0419afd78d88dd614cc7
NeoBundleLock vim-markdown b02182ebbd9c18f3a4e1761c67cf0be10d9062ec
NeoBundleLock vim-scala aae616de7dfbcdc5914cea22664bd05fe390df19
NeoBundleLock Specky b6415ac2ca85238c224e8bb831bd88b4bfeacf91
NeoBundleLock jQuery 895d237528151c373d71c99f4812eb45b094e7c8
NeoBundleLock greplace.vim e7fb26ec95ecf97bfe4b99683b95cb37c654460a
NeoBundleLock tagbar f9c5f24576e82aae5ab8a5480f1ae48615354e40
NeoBundleLock ctrlp.vim b5d3fe66a58a13d2ff8b6391f4387608496a030f
NeoBundleLock emmet-vim 0d63cc76aa171dc8e6d8c6393a1b6eaa5f7b9cc7
NeoBundleLock splitjoin.vim b8945ac41d0db6da7e7d60b46404b756a1e4212e
NeoBundleLock syntastic 1ee4bcccc705cdcd07c806d04a88035bb02ee377
NeoBundleLock vim-coffee-script 18c68524ab8a043a566bbe227ea8f81ab922d092
NeoBundleLock vim-vividchalk fd696065c7b27e8fca91907ba51151a887c36803
NeoBundleLock tslime.vim 686698bd71bfd957e691dfd8e1f9d24ca19fa211
NeoBundleLock textile.vim 02687a578042214b91aec50ac1845a96eb3d9591
NeoBundleLock base16-vim 0a956b556c4af44edfeacf5d7e23bc119ffbec7d
NeoBundleLock vim-characterize b5418133a22b9a441def845e950ec76c7c7cd2e5
NeoBundleLock vim-rake 6b763058436964f1e20243200060ae78c0bd7a1d
NeoBundleLock Vim-Jinja2-Syntax bde7e8abd1fcb928f5bd5e9f57eee69cb0630150
NeoBundleLock vim-colors-solarized 528a59f26d12278698bb946f8fb82a63711eec21
NeoBundleLock rope-omni 4b0e796dc33f7d7b875c9268c5efffe2209f290c
NeoBundleLock vim-snippets 42f8ee269c88e67ccb4a9694b7b7e2b9cdb6c1c3
NeoBundleLock vim-ruby 2597860f4ee117d6d762d6caa98e73e89e41769b
NeoBundleLock vim-virtualenv e18a8c11f7107d51979bda2f7a3f6da61ec83b20
NeoBundleLock webapi-vim a043444a5b7cbcc865e4cee61c118de09ea2cbdc
